<?xml version="1.0"?>
<Project ToolsVersion="4.0" xmlns="http://schemas.microsoft.com/developer/msbuild/2003">
	<ItemGroup>
		<ClCompile Include="src\ofApp.cpp">
			<Filter>src</Filter>
		</ClCompile>
		<ClCompile Include="src\main.cpp">
			<Filter>src</Filter>
		</ClCompile>
		<ClCompile Include="src\main.cpp">
			<Filter>src</Filter>
		</ClCompile>
		<ClCompile Include="src\ofApp.cpp">
			<Filter>src</Filter>
		</ClCompile>
		<ClCompile Include="ofxDabBase\src\dab_array.cpp">
			<Filter>local_addons\</Filter>
		</ClCompile>
		<ClCompile Include="ofxDabBase\src\dab_buffer.cpp">
			<Filter>local_addons\</Filter>
		</ClCompile>
		<ClCompile Include="ofxDabBase\src\dab_exception.cpp">
			<Filter>local_addons\</Filter>
		</ClCompile>
		<ClCompile Include="ofxDabBase\src\dab_file_io.cpp">
			<Filter>local_addons\</Filter>
		</ClCompile>
		<ClCompile Include="ofxDabBase\src\dab_listener.cpp">
			<Filter>local_addons\</Filter>
		</ClCompile>
		<ClCompile Include="ofxDabBase\src\dab_parameter.cpp">
			<Filter>local_addons\</Filter>
		</ClCompile>
		<ClCompile Include="ofxDabBase\src\dab_singleton.cpp">
			<Filter>local_addons\</Filter>
		</ClCompile>
		<ClCompile Include="ofxDabBase\src\dab_tokenizer.cpp">
			<Filter>local_addons\</Filter>
		</ClCompile>
		<ClCompile Include="ofxDabBase\src\dab_value.cpp">
			<Filter>local_addons\</Filter>
		</ClCompile>
		<ClCompile Include="ofxDabOsc\src\dab_osc_arg.cpp">
			<Filter>local_addons\</Filter>
		</ClCompile>
		<ClCompile Include="ofxDabOsc\src\dab_osc_message.cpp">
			<Filter>local_addons\</Filter>
		</ClCompile>
		<ClCompile Include="ofxDabOsc\src\dab_osc_messenger.cpp">
			<Filter>local_addons\</Filter>
		</ClCompile>
		<ClCompile Include="ofxDabOsc\src\dab_osc_receiver.cpp">
			<Filter>local_addons\</Filter>
		</ClCompile>
		<ClCompile Include="ofxDabOsc\src\dab_osc_sender.cpp">
			<Filter>local_addons\</Filter>
		</ClCompile>
		<ClCompile Include="ofxDabOsc\src\dab_osc_utils.cpp">
			<Filter>local_addons\</Filter>
		</ClCompile>
		<ClCompile Include="ofxDabOsc\libs\oscpack\src\ip\IpEndpointName.cpp">
			<Filter>local_addons\</Filter>
		</ClCompile>
		<ClCompile Include="ofxDabOsc\libs\oscpack\src\ip\win32\NetworkingUtils.cpp">
			<Filter>local_addons\</Filter>
		</ClCompile>
		<ClCompile Include="ofxDabOsc\libs\oscpack\src\ip\win32\UdpSocket.cpp">
			<Filter>local_addons\</Filter>
		</ClCompile>
		<ClCompile Include="ofxDabOsc\libs\oscpack\src\osc\OscOutboundPacketStream.cpp">
			<Filter>local_addons\</Filter>
		</ClCompile>
		<ClCompile Include="ofxDabOsc\libs\oscpack\src\osc\OscPrintReceivedElements.cpp">
			<Filter>local_addons\</Filter>
		</ClCompile>
		<ClCompile Include="ofxDabOsc\libs\oscpack\src\osc\OscReceivedElements.cpp">
			<Filter>local_addons\</Filter>
		</ClCompile>
		<ClCompile Include="ofxDabOsc\libs\oscpack\src\osc\OscTypes.cpp">
			<Filter>local_addons\</Filter>
		</ClCompile>
		<ClCompile Include="ofxDatGui\src\core\ofxDatGuiComponent.cpp">
			<Filter>local_addons\</Filter>
		</ClCompile>
		<ClCompile Include="ofxDatGui\src\libs\ofxSmartFont\ofxSmartFont.cpp">
			<Filter>local_addons\</Filter>
		</ClCompile>
		<ClCompile Include="ofxDatGui\src\ofxDatGui.cpp">
			<Filter>local_addons\</Filter>
		</ClCompile>
	</ItemGroup>
	<ItemGroup>
		<Filter Include="src">
			<UniqueIdentifier>{d8376475-7454-4a24-b08a-aac121d3ad6f}</UniqueIdentifier>
		</Filter>
		<Filter Include="local_addons">
			<UniqueIdentifier>{267193E3--E3A-D-4C-B6-A-712-6C0D7B1F3E5E}</UniqueIdentifier>
		</Filter>
		<Filter Include="local_addons\">
			<UniqueIdentifier>{83CD29D4--444-D-48-23-9-F3D-3DD81DFBDCA1}</UniqueIdentifier>
		</Filter>
	</ItemGroup>
	<ItemGroup>
		<ClInclude Include="src\ofApp.h">
			<Filter>src</Filter>
		</ClInclude>
		<ClInclude Include="src\ambi2dInPhase.h">
			<Filter>src</Filter>
		</ClInclude>
		<ClInclude Include="src\fileIO.h">
			<Filter>src</Filter>
		</ClInclude>
		<ClInclude Include="src\icoSphere.h">
			<Filter>src</Filter>
		</ClInclude>
		<ClInclude Include="src\metro.h">
			<Filter>src</Filter>
		</ClInclude>
		<ClInclude Include="src\ofApp.h">
			<Filter>src</Filter>
		</ClInclude>
		<ClInclude Include="src\sfPlayer.h">
			<Filter>src</Filter>
		</ClInclude>
		<ClInclude Include="src\threadedVertexLoader.h">
			<Filter>src</Filter>
		</ClInclude>
		<ClInclude Include="src\uvSphere.h">
			<Filter>src</Filter>
		</ClInclude>
		<ClInclude Include="src\uvSphere2.h">
			<Filter>src</Filter>
		</ClInclude>
		<ClInclude Include="src\vertexMapping.h">
			<Filter>src</Filter>
		</ClInclude>
		<ClInclude Include="ofxDabBase\src\dab_array.h">
			<Filter>local_addons\</Filter>
		</ClInclude>
		<ClInclude Include="ofxDabBase\src\dab_buffer.h">
			<Filter>local_addons\</Filter>
		</ClInclude>
		<ClInclude Include="ofxDabBase\src\dab_exception.h">
			<Filter>local_addons\</Filter>
		</ClInclude>
		<ClInclude Include="ofxDabBase\src\dab_file_io.h">
			<Filter>local_addons\</Filter>
		</ClInclude>
		<ClInclude Include="ofxDabBase\src\dab_index_map.h">
			<Filter>local_addons\</Filter>
		</ClInclude>
		<ClInclude Include="ofxDabBase\src\dab_listener.h">
			<Filter>local_addons\</Filter>
		</ClInclude>
		<ClInclude Include="ofxDabBase\src\dab_parameter.h">
			<Filter>local_addons\</Filter>
		</ClInclude>
		<ClInclude Include="ofxDabBase\src\dab_ringbuffer.h">
			<Filter>local_addons\</Filter>
		</ClInclude>
		<ClInclude Include="ofxDabBase\src\dab_singleton.h">
			<Filter>local_addons\</Filter>
		</ClInclude>
		<ClInclude Include="ofxDabBase\src\dab_tokenizer.h">
			<Filter>local_addons\</Filter>
		</ClInclude>
		<ClInclude Include="ofxDabBase\src\dab_value.h">
			<Filter>local_addons\</Filter>
		</ClInclude>
		<ClInclude Include="ofxDabOsc\src\dab_osc_arg.h">
			<Filter>local_addons\</Filter>
		</ClInclude>
		<ClInclude Include="ofxDabOsc\src\dab_osc_includes.h">
			<Filter>local_addons\</Filter>
		</ClInclude>
		<ClInclude Include="ofxDabOsc\src\dab_osc_message.h">
			<Filter>local_addons\</Filter>
		</ClInclude>
		<ClInclude Include="ofxDabOsc\src\dab_osc_messenger.h">
			<Filter>local_addons\</Filter>
		</ClInclude>
		<ClInclude Include="ofxDabOsc\src\dab_osc_receiver.h">
			<Filter>local_addons\</Filter>
		</ClInclude>
		<ClInclude Include="ofxDabOsc\src\dab_osc_sender.h">
			<Filter>local_addons\</Filter>
		</ClInclude>
		<ClInclude Include="ofxDabOsc\src\dab_osc_types.h">
			<Filter>local_addons\</Filter>
		</ClInclude>
		<ClInclude Include="ofxDabOsc\src\dab_osc_utils.h">
			<Filter>local_addons\</Filter>
		</ClInclude>
		<ClInclude Include="ofxDabOsc\libs\oscpack\src\ip\IpEndpointName.h">
			<Filter>local_addons\</Filter>
		</ClInclude>
		<ClInclude Include="ofxDabOsc\libs\oscpack\src\ip\NetworkingUtils.h">
			<Filter>local_addons\</Filter>
		</ClInclude>
		<ClInclude Include="ofxDabOsc\libs\oscpack\src\ip\PacketListener.h">
			<Filter>local_addons\</Filter>
		</ClInclude>
		<ClInclude Include="ofxDabOsc\libs\oscpack\src\ip\TimerListener.h">
			<Filter>local_addons\</Filter>
		</ClInclude>
		<ClInclude Include="ofxDabOsc\libs\oscpack\src\ip\UdpSocket.h">
			<Filter>local_addons\</Filter>
		</ClInclude>
		<ClInclude Include="ofxDabOsc\libs\oscpack\src\osc\MessageMappingOscPacketListener.h">
			<Filter>local_addons\</Filter>
		</ClInclude>
		<ClInclude Include="ofxDabOsc\libs\oscpack\src\osc\OscException.h">
			<Filter>local_addons\</Filter>
		</ClInclude>
		<ClInclude Include="ofxDabOsc\libs\oscpack\src\osc\OscHostEndianness.h">
			<Filter>local_addons\</Filter>
		</ClInclude>
		<ClInclude Include="ofxDabOsc\libs\oscpack\src\osc\OscOutboundPacketStream.h">
			<Filter>local_addons\</Filter>
		</ClInclude>
		<ClInclude Include="ofxDabOsc\libs\oscpack\src\osc\OscPacketListener.h">
			<Filter>local_addons\</Filter>
		</ClInclude>
		<ClInclude Include="ofxDabOsc\libs\oscpack\src\osc\OscPrintReceivedElements.h">
			<Filter>local_addons\</Filter>
		</ClInclude>
		<ClInclude Include="ofxDabOsc\libs\oscpack\src\osc\OscReceivedElements.h">
			<Filter>local_addons\</Filter>
		</ClInclude>
		<ClInclude Include="ofxDabOsc\libs\oscpack\src\osc\OscTypes.h">
			<Filter>local_addons\</Filter>
		</ClInclude>
		<ClInclude Include="ofxDatGui\src\components\ofxDatGui2dPad.h">
			<Filter>local_addons\</Filter>
		</ClInclude>
		<ClInclude Include="ofxDatGui\src\components\ofxDatGuiButton.h">
			<Filter>local_addons\</Filter>
		</ClInclude>
		<ClInclude Include="ofxDatGui\src\components\ofxDatGuiColorPicker.h">
			<Filter>local_addons\</Filter>
		</ClInclude>
		<ClInclude Include="ofxDatGui\src\components\ofxDatGuiControls.h">
			<Filter>local_addons\</Filter>
		</ClInclude>
		<ClInclude Include="ofxDatGui\src\components\ofxDatGuiFRM.h">
			<Filter>local_addons\</Filter>
		</ClInclude>
		<ClInclude Include="ofxDatGui\src\components\ofxDatGuiGroups.h">
			<Filter>local_addons\</Filter>
		</ClInclude>
		<ClInclude Include="ofxDatGui\src\components\ofxDatGuiLabel.h">
			<Filter>local_addons\</Filter>
		</ClInclude>
		<ClInclude Include="ofxDatGui\src\components\ofxDatGuiMatrix.h">
			<Filter>local_addons\</Filter>
		</ClInclude>
		<ClInclude Include="ofxDatGui\src\components\ofxDatGuiScrollView.h">
			<Filter>local_addons\</Filter>
		</ClInclude>
		<ClInclude Include="ofxDatGui\src\components\ofxDatGuiSlider.h">
			<Filter>local_addons\</Filter>
		</ClInclude>
		<ClInclude Include="ofxDatGui\src\components\ofxDatGuiTextInput.h">
			<Filter>local_addons\</Filter>
		</ClInclude>
		<ClInclude Include="ofxDatGui\src\components\ofxDatGuiTextInputField.h">
			<Filter>local_addons\</Filter>
		</ClInclude>
		<ClInclude Include="ofxDatGui\src\components\ofxDatGuiTimeGraph.h">
			<Filter>local_addons\</Filter>
		</ClInclude>
		<ClInclude Include="ofxDatGui\src\core\ofxDatGuiComponent.h">
			<Filter>local_addons\</Filter>
		</ClInclude>
		<ClInclude Include="ofxDatGui\src\core\ofxDatGuiConstants.h">
			<Filter>local_addons\</Filter>
		</ClInclude>
		<ClInclude Include="ofxDatGui\src\core\ofxDatGuiEvents.h">
			<Filter>local_addons\</Filter>
		</ClInclude>
		<ClInclude Include="ofxDatGui\src\core\ofxDatGuiIntObject.h">
			<Filter>local_addons\</Filter>
		</ClInclude>
		<ClInclude Include="ofxDatGui\src\libs\ofxSmartFont\ofxSmartFont.h">
			<Filter>local_addons\</Filter>
		</ClInclude>
		<ClInclude Include="ofxDatGui\src\ofxDatGui.h">
			<Filter>local_addons\</Filter>
		</ClInclude>
		<ClInclude Include="ofxDatGui\src\themes\ofxDatGuiTheme.h">
			<Filter>local_addons\</Filter>
		</ClInclude>
		<ClInclude Include="ofxDatGui\src\themes\ofxDatGuiThemes.h">
			<Filter>local_addons\</Filter>
		</ClInclude>
	</ItemGroup>
	<ItemGroup>
		<ResourceCompile Include="icon.rc" />
	</ItemGroup>
</Project>
